
Microsoft Visual Studio Solution File, Format Version 12.00
# Visual Studio Version 16
VisualStudioVersion = 16.0.29411.108
MinimumVisualStudioVersion = 10.0.40219.1
Project("{FAE04EC0-301F-11D3-BF4B-00C04F79EFBC}") = "task 1", "task 1\task 1.csproj", "{D43DFCAB-756B-4BF3-87A1-B835CDE337A1}"
EndProject
Project("{FAE04EC0-301F-11D3-BF4B-00C04F79EFBC}") = "task 2", "task 2\task 2.csproj", "{0BBCA9F9-4DCE-4B96-BC1F-3EA425FF41E7}"
EndProject
Project("{FAE04EC0-301F-11D3-BF4B-00C04F79EFBC}") = "task 3", "task 3\task 3.csproj", "{0C4F9CF9-E2FF-407D-B5AA-3834D506EC02}"
EndProject
Project("{FAE04EC0-301F-11D3-BF4B-00C04F79EFBC}") = "task 4", "..\test\TestInterface\task 4.csproj", "{0BB41A25-6376-45EB-9AD4-1304FC66ECD3}"
EndProject
Global
	GlobalSection(SolutionConfigurationPlatforms) = preSolution
		Debug|Any CPU = Debug|Any CPU
		Release|Any CPU = Release|Any CPU
	EndGlobalSection
	GlobalSection(ProjectConfigurationPlatforms) = postSolution
		{D43DFCAB-756B-4BF3-87A1-B835CDE337A1}.Debug|Any CPU.ActiveCfg = Debug|Any CPU
		{D43DFCAB-756B-4BF3-87A1-B835CDE337A1}.Debug|Any CPU.Build.0 = Debug|Any CPU
		{D43DFCAB-756B-4BF3-87A1-B835CDE337A1}.Release|Any CPU.ActiveCfg = Release|Any CPU
		{D43DFCAB-756B-4BF3-87A1-B835CDE337A1}.Release|Any CPU.Build.0 = Release|Any CPU
		{0BBCA9F9-4DCE-4B96-BC1F-3EA425FF41E7}.Debug|Any CPU.ActiveCfg = Debug|Any CPU
		{0BBCA9F9-4DCE-4B96-BC1F-3EA425FF41E7}.Debug|Any CPU.Build.0 = Debug|Any CPU
		{0BBCA9F9-4DCE-4B96-BC1F-3EA425FF41E7}.Release|Any CPU.ActiveCfg = Release|Any CPU
		{0BBCA9F9-4DCE-4B96-BC1F-3EA425FF41E7}.Release|Any CPU.Build.0 = Release|Any CPU
		{0C4F9CF9-E2FF-407D-B5AA-3834D506EC02}.Debug|Any CPU.ActiveCfg = Debug|Any CPU
		{0C4F9CF9-E2FF-407D-B5AA-3834D506EC02}.Debug|Any CPU.Build.0 = Debug|Any CPU
		{0C4F9CF9-E2FF-407D-B5AA-3834D506EC02}.Release|Any CPU.ActiveCfg = Release|Any CPU
		{0C4F9CF9-E2FF-407D-B5AA-3834D506EC02}.Release|Any CPU.Build.0 = Release|Any CPU
		{0BB41A25-6376-45EB-9AD4-1304FC66ECD3}.Debug|Any CPU.ActiveCfg = Debug|Any CPU
		{0BB41A25-6376-45EB-9AD4-1304FC66ECD3}.Debug|Any CPU.Build.0 = Debug|Any CPU
		{0BB41A25-6376-45EB-9AD4-1304FC66ECD3}.Release|Any CPU.ActiveCfg = Release|Any CPU
		{0BB41A25-6376-45EB-9AD4-1304FC66ECD3}.Release|Any CPU.Build.0 = Release|Any CPU
	EndGlobalSection
	GlobalSection(SolutionProperties) = preSolution
		HideSolutionNode = FALSE
	EndGlobalSection
	GlobalSection(ExtensibilityGlobals) = postSolution
		SolutionGuid = {224FB5CC-0E17-457A-BE4F-369C479A3F56}
	EndGlobalSection
EndGlobal
